
Microsoft Visual Studio Solution File, Format Version 12.00
# Visual Studio Version 16
VisualStudioVersion = 16.0.31605.320
MinimumVisualStudioVersion = 10.0.40219.1
Project("{FAE04EC0-301F-11D3-BF4B-00C04F79EFBC}") = "SearchPageLinks+0913", "SearchPageLinks+0913.csproj", "{777D2B24-6844-4079-984D-DEAC8F095007}"
EndProject
Global
	GlobalSection(SolutionConfigurationPlatforms) = preSolution
		Debug|Any CPU = Debug|Any CPU
		Release|Any CPU = Release|Any CPU
	EndGlobalSection
	GlobalSection(ProjectConfigurationPlatforms) = postSolution
		{777D2B24-6844-4079-984D-DEAC8F095007}.Debug|Any CPU.ActiveCfg = Debug|Any CPU
		{777D2B24-6844-4079-984D-DEAC8F095007}.Debug|Any CPU.Build.0 = Debug|Any CPU
		{777D2B24-6844-4079-984D-DEAC8F095007}.Release|Any CPU.ActiveCfg = Release|Any CPU
		{777D2B24-6844-4079-984D-DEAC8F095007}.Release|Any CPU.Build.0 = Release|Any CPU
	EndGlobalSection
	GlobalSection(SolutionProperties) = preSolution
		HideSolutionNode = FALSE
	EndGlobalSection
	GlobalSection(ExtensibilityGlobals) = postSolution
		SolutionGuid = {8BA8127C-4F04-4123-8A42-8506BE5CF01B}
	EndGlobalSection
EndGlobal
